
Microsoft Visual Studio Solution File, Format Version 12.00
# Visual Studio Version 17
VisualStudioVersion = 17.7.33808.371
MinimumVisualStudioVersion = 10.0.40219.1
Project("{FAE04EC0-301F-11D3-BF4B-00C04F79EFBC}") = "ConciseMinecarftLauncherWinUI3", "ConciseMinecarftLauncherWinUI3.csproj", "{4B70C047-52E8-45FE-AA07-D0673DDF550F}"
EndProject
Global
	GlobalSection(SolutionConfigurationPlatforms) = preSolution
		Debug|ARM64 = Debug|ARM64
		Debug|x64 = Debug|x64
		Debug|x86 = Debug|x86
		Release|ARM64 = Release|ARM64
		Release|x64 = Release|x64
		Release|x86 = Release|x86
	EndGlobalSection
	GlobalSection(ProjectConfigurationPlatforms) = postSolution
		{4B70C047-52E8-45FE-AA07-D0673DDF550F}.Debug|ARM64.ActiveCfg = Debug|ARM64
		{4B70C047-52E8-45FE-AA07-D0673DDF550F}.Debug|ARM64.Build.0 = Debug|ARM64
		{4B70C047-52E8-45FE-AA07-D0673DDF550F}.Debug|ARM64.Deploy.0 = Debug|ARM64
		{4B70C047-52E8-45FE-AA07-D0673DDF550F}.Debug|x64.ActiveCfg = Debug|x64
		{4B70C047-52E8-45FE-AA07-D0673DDF550F}.Debug|x64.Build.0 = Debug|x64
		{4B70C047-52E8-45FE-AA07-D0673DDF550F}.Debug|x64.Deploy.0 = Debug|x64
		{4B70C047-52E8-45FE-AA07-D0673DDF550F}.Debug|x86.ActiveCfg = Debug|x86
		{4B70C047-52E8-45FE-AA07-D0673DDF550F}.Debug|x86.Build.0 = Debug|x86
		{4B70C047-52E8-45FE-AA07-D0673DDF550F}.Debug|x86.Deploy.0 = Debug|x86
		{4B70C047-52E8-45FE-AA07-D0673DDF550F}.Release|ARM64.ActiveCfg = Release|ARM64
		{4B70C047-52E8-45FE-AA07-D0673DDF550F}.Release|ARM64.Build.0 = Release|ARM64
		{4B70C047-52E8-45FE-AA07-D0673DDF550F}.Release|ARM64.Deploy.0 = Release|ARM64
		{4B70C047-52E8-45FE-AA07-D0673DDF550F}.Release|x64.ActiveCfg = Release|x64
		{4B70C047-52E8-45FE-AA07-D0673DDF550F}.Release|x64.Build.0 = Release|x64
		{4B70C047-52E8-45FE-AA07-D0673DDF550F}.Release|x64.Deploy.0 = Release|x64
		{4B70C047-52E8-45FE-AA07-D0673DDF550F}.Release|x86.ActiveCfg = Release|x86
		{4B70C047-52E8-45FE-AA07-D0673DDF550F}.Release|x86.Build.0 = Release|x86
		{4B70C047-52E8-45FE-AA07-D0673DDF550F}.Release|x86.Deploy.0 = Release|x86
	EndGlobalSection
	GlobalSection(SolutionProperties) = preSolution
		HideSolutionNode = FALSE
	EndGlobalSection
	GlobalSection(ExtensibilityGlobals) = postSolution
		SolutionGuid = {F7B70251-34DF-4007-91D0-386E13024E6B}
	EndGlobalSection
EndGlobal
