
Microsoft Visual Studio Solution File, Format Version 12.00
# Visual Studio Version 17
VisualStudioVersion = 17.7.33808.371
MinimumVisualStudioVersion = 10.0.40219.1
Project("{FAE04EC0-301F-11D3-BF4B-00C04F79EFBC}") = "ConciseMinecarftLauncher", "ConciseMinecarftLauncher.csproj", "{15E7ED13-238F-4269-B902-099E5DC52B9C}"
EndProject
Global
	GlobalSection(SolutionConfigurationPlatforms) = preSolution
		Debug|ARM64 = Debug|ARM64
		Debug|x64 = Debug|x64
		Debug|x86 = Debug|x86
		Release|ARM64 = Release|ARM64
		Release|x64 = Release|x64
		Release|x86 = Release|x86
	EndGlobalSection
	GlobalSection(ProjectConfigurationPlatforms) = postSolution
		{15E7ED13-238F-4269-B902-099E5DC52B9C}.Debug|ARM64.ActiveCfg = Debug|ARM64
		{15E7ED13-238F-4269-B902-099E5DC52B9C}.Debug|ARM64.Build.0 = Debug|ARM64
		{15E7ED13-238F-4269-B902-099E5DC52B9C}.Debug|ARM64.Deploy.0 = Debug|ARM64
		{15E7ED13-238F-4269-B902-099E5DC52B9C}.Debug|x64.ActiveCfg = Debug|x64
		{15E7ED13-238F-4269-B902-099E5DC52B9C}.Debug|x64.Build.0 = Debug|x64
		{15E7ED13-238F-4269-B902-099E5DC52B9C}.Debug|x64.Deploy.0 = Debug|x64
		{15E7ED13-238F-4269-B902-099E5DC52B9C}.Debug|x86.ActiveCfg = Debug|x86
		{15E7ED13-238F-4269-B902-099E5DC52B9C}.Debug|x86.Build.0 = Debug|x86
		{15E7ED13-238F-4269-B902-099E5DC52B9C}.Debug|x86.Deploy.0 = Debug|x86
		{15E7ED13-238F-4269-B902-099E5DC52B9C}.Release|ARM64.ActiveCfg = Release|ARM64
		{15E7ED13-238F-4269-B902-099E5DC52B9C}.Release|ARM64.Build.0 = Release|ARM64
		{15E7ED13-238F-4269-B902-099E5DC52B9C}.Release|ARM64.Deploy.0 = Release|ARM64
		{15E7ED13-238F-4269-B902-099E5DC52B9C}.Release|x64.ActiveCfg = Release|x64
		{15E7ED13-238F-4269-B902-099E5DC52B9C}.Release|x64.Build.0 = Release|x64
		{15E7ED13-238F-4269-B902-099E5DC52B9C}.Release|x64.Deploy.0 = Release|x64
		{15E7ED13-238F-4269-B902-099E5DC52B9C}.Release|x86.ActiveCfg = Release|x86
		{15E7ED13-238F-4269-B902-099E5DC52B9C}.Release|x86.Build.0 = Release|x86
		{15E7ED13-238F-4269-B902-099E5DC52B9C}.Release|x86.Deploy.0 = Release|x86
	EndGlobalSection
	GlobalSection(SolutionProperties) = preSolution
		HideSolutionNode = FALSE
	EndGlobalSection
	GlobalSection(ExtensibilityGlobals) = postSolution
		SolutionGuid = {7FC8A6FF-BA02-417D-9C0C-5B50DC6F68EE}
	EndGlobalSection
EndGlobal
